
Microsoft Visual Studio Solution File, Format Version 12.00
# Visual Studio 14
VisualStudioVersion = 14.0.25420.1
MinimumVisualStudioVersion = 10.0.40219.1
Project("{FAE04EC0-301F-11D3-BF4B-00C04F79EFBC}") = "SuperFacil.Dominio", "SuperFacil.Dominio\SuperFacil.Dominio.csproj", "{D3A91213-B6E9-406D-847C-6E8D2DA76519}"
EndProject
Project("{FAE04EC0-301F-11D3-BF4B-00C04F79EFBC}") = "SuperFacil.Infraestrutura", "SuperFacil.Infraestrutura\SuperFacil.Infraestrutura.csproj", "{1972B967-7015-49C4-BB98-4BCD6394A60A}"
EndProject
Project("{FAE04EC0-301F-11D3-BF4B-00C04F79EFBC}") = "SuperFacil.Common", "SuperFacil.Common\SuperFacil.Common.csproj", "{986504B0-0549-47EF-9DF3-2732127FA49D}"
EndProject
Project("{FAE04EC0-301F-11D3-BF4B-00C04F79EFBC}") = "SuperFacil.Business", "SuperFacil.Bussines\SuperFacil.Business.csproj", "{49F80C19-D87C-46CA-972D-74A438704622}"
EndProject
Project("{FAE04EC0-301F-11D3-BF4B-00C04F79EFBC}") = "SuperFacil.UI._Console", "SuperFacil.UI.Console\SuperFacil.UI._Console.csproj", "{4D71D831-D1DA-4158-A7EF-BCE55735DCAC}"
EndProject
Global
	GlobalSection(SolutionConfigurationPlatforms) = preSolution
		Debug|Any CPU = Debug|Any CPU
		Release|Any CPU = Release|Any CPU
	EndGlobalSection
	GlobalSection(ProjectConfigurationPlatforms) = postSolution
		{D3A91213-B6E9-406D-847C-6E8D2DA76519}.Debug|Any CPU.ActiveCfg = Debug|Any CPU
		{D3A91213-B6E9-406D-847C-6E8D2DA76519}.Debug|Any CPU.Build.0 = Debug|Any CPU
		{D3A91213-B6E9-406D-847C-6E8D2DA76519}.Release|Any CPU.ActiveCfg = Release|Any CPU
		{D3A91213-B6E9-406D-847C-6E8D2DA76519}.Release|Any CPU.Build.0 = Release|Any CPU
		{1972B967-7015-49C4-BB98-4BCD6394A60A}.Debug|Any CPU.ActiveCfg = Debug|Any CPU
		{1972B967-7015-49C4-BB98-4BCD6394A60A}.Debug|Any CPU.Build.0 = Debug|Any CPU
		{1972B967-7015-49C4-BB98-4BCD6394A60A}.Release|Any CPU.ActiveCfg = Release|Any CPU
		{1972B967-7015-49C4-BB98-4BCD6394A60A}.Release|Any CPU.Build.0 = Release|Any CPU
		{986504B0-0549-47EF-9DF3-2732127FA49D}.Debug|Any CPU.ActiveCfg = Debug|Any CPU
		{986504B0-0549-47EF-9DF3-2732127FA49D}.Debug|Any CPU.Build.0 = Debug|Any CPU
		{986504B0-0549-47EF-9DF3-2732127FA49D}.Release|Any CPU.ActiveCfg = Release|Any CPU
		{986504B0-0549-47EF-9DF3-2732127FA49D}.Release|Any CPU.Build.0 = Release|Any CPU
		{49F80C19-D87C-46CA-972D-74A438704622}.Debug|Any CPU.ActiveCfg = Debug|Any CPU
		{49F80C19-D87C-46CA-972D-74A438704622}.Debug|Any CPU.Build.0 = Debug|Any CPU
		{49F80C19-D87C-46CA-972D-74A438704622}.Release|Any CPU.ActiveCfg = Release|Any CPU
		{49F80C19-D87C-46CA-972D-74A438704622}.Release|Any CPU.Build.0 = Release|Any CPU
		{4D71D831-D1DA-4158-A7EF-BCE55735DCAC}.Debug|Any CPU.ActiveCfg = Debug|Any CPU
		{4D71D831-D1DA-4158-A7EF-BCE55735DCAC}.Debug|Any CPU.Build.0 = Debug|Any CPU
		{4D71D831-D1DA-4158-A7EF-BCE55735DCAC}.Release|Any CPU.ActiveCfg = Release|Any CPU
		{4D71D831-D1DA-4158-A7EF-BCE55735DCAC}.Release|Any CPU.Build.0 = Release|Any CPU
	EndGlobalSection
	GlobalSection(SolutionProperties) = preSolution
		HideSolutionNode = FALSE
	EndGlobalSection
EndGlobal
